{
  "nodes": {
    "fenix": {
      "inputs": {
        "nixpkgs": [
          "nixpkgs"
        ],
        "rust-analyzer-src": "rust-analyzer-src"
      },
      "locked": {
        "lastModified": 1785919363,
        "narHash": "sha256-4FDhl7ybhL5qhJw1X2IviFJ2MERnzV7X1HlJhFeSBXU=",
        "owner": "nix-community",
        "repo": "fenix",
        "rev": "d17fa5c004217ac6e51da9a8c2d2b79b0ed37109",
        "type": "github"
      },
      "original": {
        "owner": "nix-community",
        "repo": "fenix",
        "type": "github"
      }
    },
    "flake-utils": {
      "inputs": {
        "systems": "systems"
      },
      "locked": {
        "lastModified": 1731533236,
        "narHash": "sha256-l0KFg5HjrsfsO/JpG+r7fRrqm12kzFHyUHqHCVpMMbI=",
        "owner": "numtide",
        "repo": "flake-utils",
        "rev": "11707dc2f618dd54ca8739b309ec4fc024de578b",
        "type": "github"
      },
      "original": {
        "owner": "numtide",
        "repo": "flake-utils",
        "type": "github"
      }
    },
    "glove80-rmk": {
      "flake": false,
      "locked": {
        "lastModified": 1786176949,
        "narHash": "sha256-vRqkgRh0j7UfXnzd6XBLHCMa/ldbbXzUoqIGZtNkHik=",
        "owner": "colonelpanic8",
        "repo": "glove80-rmk",
        "rev": "a3c5220504be98f9ca0047f49fafc92a048cbb5f",
        "type": "github"
      },
      "original": {
        "owner": "colonelpanic8",
        "repo": "glove80-rmk",
        "type": "github"
      }
    },
    "nixpkgs": {
      "locked": {
        "lastModified": 1785747939,
        "narHash": "sha256-D740uKsMbgsfK2oaDenJLLPIZfq7W0/g4KN/Fls8eKs=",
        "owner": "NixOS",
        "repo": "nixpkgs",
        "rev": "104240a772428cc2e20d8fd86c9ddbb886bbaff2",
        "type": "github"
      },
      "original": {
        "owner": "NixOS",
        "ref": "nixpkgs-unstable",
        "repo": "nixpkgs",
        "type": "github"
      }
    },
    "rmk": {
      "flake": false,
      "locked": {
        "lastModified": 1786141339,
        "narHash": "sha256-7q2Hx0Fh9c/yOlnoC8hjqCo3jo8BwiNAxjfeLHVzzyI=",
        "owner": "colonelpanic8",
        "repo": "rmk",
        "rev": "231a97cb22d2da32a5e31031ec1081ae5f4dadce",
        "type": "github"
      },
      "original": {
        "owner": "colonelpanic8",
        "ref": "assembled",
        "repo": "rmk",
        "type": "github"
      }
    },
    "root": {
      "inputs": {
        "fenix": "fenix",
        "flake-utils": "flake-utils",
        "glove80-rmk": "glove80-rmk",
        "nixpkgs": "nixpkgs",
        "rmk": "rmk"
      }
    },
    "rust-analyzer-src": {
      "flake": false,
      "locked": {
        "lastModified": 1785889825,
        "narHash": "sha256-U98Y5RADVCkMCbrKCFXppe6MSAi0tUTLxi3cB/SMcZI=",
        "owner": "rust-lang",
        "repo": "rust-analyzer",
        "rev": "6817dd3094203c8bc4911f5799baf897623003de",
        "type": "github"
      },
      "original": {
        "owner": "rust-lang",
        "ref": "nightly",
        "repo": "rust-analyzer",
        "type": "github"
      }
    },
    "systems": {
      "locked": {
        "lastModified": 1681028828,
        "narHash": "sha256-Vy1rq5AaRuLzOxct8nz4T6wlgyUR7zLU309k9mBC768=",
        "owner": "nix-systems",
        "repo": "default",
        "rev": "da67096a3b9bf56a91d16901293e51ba5b49a27e",
        "type": "github"
      },
      "original": {
        "owner": "nix-systems",
        "repo": "default",
        "type": "github"
      }
    }
  },
  "root": "root",
  "version": 7
}
